// !$*UTF8*$!
{
	archiveVersion = 1;
	classes = {
	};
	objectVersion = 46;
	objects = {

/* Begin PBXBuildFile section */
		D634C92AEC3D618AB61BD758 /* Pods_Recovery_Helper.framework in Frameworks */ = {isa = PBXBuildFile; fileRef = C1D4222C2F472BD9FA512FD9 /* Pods_Recovery_Helper.framework */; };
		E110D9E41EB68916008D402B /* CalendarViewController.swift in Sources */ = {isa = PBXBuildFile; fileRef = E110D9E31EB68916008D402B /* CalendarViewController.swift */; };
		E110D9E61EB6A6A0008D402B /* settings@2x.png in Resources */ = {isa = PBXBuildFile; fileRef = E110D9E51EB6A6A0008D402B /* settings@2x.png */; };
		E129B6511E0E26740012B553 /* GoogleService-Info.plist in Resources */ = {isa = PBXBuildFile; fileRef = E129B6501E0E26730012B553 /* GoogleService-Info.plist */; };
		E129B6541E149A420012B553 /* PatientModel.swift in Sources */ = {isa = PBXBuildFile; fileRef = E129B6531E149A420012B553 /* PatientModel.swift */; };
		E129B6581E176B750012B553 /* PatientController.swift in Sources */ = {isa = PBXBuildFile; fileRef = E129B6571E176B750012B553 /* PatientController.swift */; };
		E138F1CD1EB67C7500E2DB4F /* calendar.storyboard in Resources */ = {isa = PBXBuildFile; fileRef = E138F1CC1EB67C7500E2DB4F /* calendar.storyboard */; };
		E138F1CF1EB67E8800E2DB4F /* CustomCell.swift in Sources */ = {isa = PBXBuildFile; fileRef = E138F1CE1EB67E8800E2DB4F /* CustomCell.swift */; };
		E15C1D641EB6B97300D947CE /* DateViewController.swift in Sources */ = {isa = PBXBuildFile; fileRef = E15C1D631EB6B97300D947CE /* DateViewController.swift */; };
		E167698F1E2DED090026E835 /* SetExercise.swift in Sources */ = {isa = PBXBuildFile; fileRef = E167698E1E2DED090026E835 /* SetExercise.swift */; };
		E16769911E2DF4D40026E835 /* Patients.swift in Sources */ = {isa = PBXBuildFile; fileRef = E16769901E2DF4D40026E835 /* Patients.swift */; };
		E1AE8ABF1E0E179C006938CB /* AppDelegate.swift in Sources */ = {isa = PBXBuildFile; fileRef = E1AE8ABE1E0E179C006938CB /* AppDelegate.swift */; };
		E1AE8AC11E0E179C006938CB /* LoginController.swift in Sources */ = {isa = PBXBuildFile; fileRef = E1AE8AC01E0E179C006938CB /* LoginController.swift */; };
		E1AE8AC61E0E179C006938CB /* Assets.xcassets in Resources */ = {isa = PBXBuildFile; fileRef = E1AE8AC51E0E179C006938CB /* Assets.xcassets */; };
		E1AE8AC91E0E179C006938CB /* LaunchScreen.storyboard in Resources */ = {isa = PBXBuildFile; fileRef = E1AE8AC71E0E179C006938CB /* LaunchScreen.storyboard */; };
		E1BDB85E1EA073F900BDD56F /* ExerciseModel.swift in Sources */ = {isa = PBXBuildFile; fileRef = E1BDB85D1EA073F900BDD56F /* ExerciseModel.swift */; };
		E1C436131E1B13F000DBAA23 /* OptionsLauncher.swift in Sources */ = {isa = PBXBuildFile; fileRef = E1C436121E1B13F000DBAA23 /* OptionsLauncher.swift */; };
		E1C436161E1B1F9100DBAA23 /* OptionsCell.swift in Sources */ = {isa = PBXBuildFile; fileRef = E1C436151E1B1F9100DBAA23 /* OptionsCell.swift */; };
		E1C436181E1B205500DBAA23 /* BaseCell.swift in Sources */ = {isa = PBXBuildFile; fileRef = E1C436171E1B205500DBAA23 /* BaseCell.swift */; };
		E1C4361A1E1B227300DBAA23 /* Helpers.swift in Sources */ = {isa = PBXBuildFile; fileRef = E1C436191E1B227300DBAA23 /* Helpers.swift */; };
		E1C4361F1E1B97CF00DBAA23 /* ExerciseController.swift in Sources */ = {isa = PBXBuildFile; fileRef = E1C4361E1E1B97CF00DBAA23 /* ExerciseController.swift */; };
		E1C436221E1F0DF800DBAA23 /* PhysicianController.swift in Sources */ = {isa = PBXBuildFile; fileRef = E1C436211E1F0DF800DBAA23 /* PhysicianController.swift */; };
/* End PBXBuildFile section */

/* Begin PBXFileReference section */
		3D295C21902B7D49BBD67084 /* Pods-Recovery Helper.debug.xcconfig */ = {isa = PBXFileReference; includeInIndex = 1; lastKnownFileType = text.xcconfig; name = "Pods-Recovery Helper.debug.xcconfig"; path = "Pods/Target Support Files/Pods-Recovery Helper/Pods-Recovery Helper.debug.xcconfig"; sourceTree = "<group>"; };
		6F25652CB59A75354DA90CFC /* Pods-Recovery Helper.release.xcconfig */ = {isa = PBXFileReference; includeInIndex = 1; lastKnownFileType = text.xcconfig; name = "Pods-Recovery Helper.release.xcconfig"; path = "Pods/Target Support Files/Pods-Recovery Helper/Pods-Recovery Helper.release.xcconfig"; sourceTree = "<group>"; };
		C1D4222C2F472BD9FA512FD9 /* Pods_Recovery_Helper.framework */ = {isa = PBXFileReference; explicitFileType = wrapper.framework; includeInIndex = 0; path = Pods_Recovery_Helper.framework; sourceTree = BUILT_PRODUCTS_DIR; };
		E110D9E31EB68916008D402B /* CalendarViewController.swift */ = {isa = PBXFileReference; fileEncoding = 4; lastKnownFileType = sourcecode.swift; path = CalendarViewController.swift; sourceTree = "<group>"; };
		E110D9E51EB6A6A0008D402B /* settings@2x.png */ = {isa = PBXFileReference; lastKnownFileType = image.png; name = "settings@2x.png"; path = "../../../settings@2x.png"; sourceTree = "<group>"; };
		E129B6501E0E26730012B553 /* GoogleService-Info.plist */ = {isa = PBXFileReference; fileEncoding = 4; lastKnownFileType = text.plist.xml; path = "GoogleService-Info.plist"; sourceTree = "<group>"; };
		E129B6531E149A420012B553 /* PatientModel.swift */ = {isa = PBXFileReference; fileEncoding = 4; lastKnownFileType = sourcecode.swift; path = PatientModel.swift; sourceTree = "<group>"; };
		E129B6571E176B750012B553 /* PatientController.swift */ = {isa = PBXFileReference; fileEncoding = 4; lastKnownFileType = sourcecode.swift; path = PatientController.swift; sourceTree = "<group>"; };
		E138F1CC1EB67C7500E2DB4F /* calendar.storyboard */ = {isa = PBXFileReference; fileEncoding = 4; lastKnownFileType = file.storyboard; path = calendar.storyboard; sourceTree = "<group>"; };
		E138F1CE1EB67E8800E2DB4F /* CustomCell.swift */ = {isa = PBXFileReference; fileEncoding = 4; lastKnownFileType = sourcecode.swift; path = CustomCell.swift; sourceTree = "<group>"; };
		E15C1D631EB6B97300D947CE /* DateViewController.swift */ = {isa = PBXFileReference; fileEncoding = 4; lastKnownFileType = sourcecode.swift; path = DateViewController.swift; sourceTree = "<group>"; };
		E167698E1E2DED090026E835 /* SetExercise.swift */ = {isa = PBXFileReference; fileEncoding = 4; lastKnownFileType = sourcecode.swift; path = SetExercise.swift; sourceTree = "<group>"; };
		E16769901E2DF4D40026E835 /* Patients.swift */ = {isa = PBXFileReference; fileEncoding = 4; lastKnownFileType = sourcecode.swift; path = Patients.swift; sourceTree = "<group>"; };
		E1AE8ABB1E0E179C006938CB /* Recovery Helper.app */ = {isa = PBXFileReference; explicitFileType = wrapper.application; includeInIndex = 0; path = "Recovery Helper.app"; sourceTree = BUILT_PRODUCTS_DIR; };
		E1AE8ABE1E0E179C006938CB /* AppDelegate.swift */ = {isa = PBXFileReference; lastKnownFileType = sourcecode.swift; path = AppDelegate.swift; sourceTree = "<group>"; };
		E1AE8AC01E0E179C006938CB /* LoginController.swift */ = {isa = PBXFileReference; lastKnownFileType = sourcecode.swift; path = LoginController.swift; sourceTree = "<group>"; xcLanguageSpecificationIdentifier = xcode.lang.swift; };
		E1AE8AC51E0E179C006938CB /* Assets.xcassets */ = {isa = PBXFileReference; lastKnownFileType = folder.assetcatalog; path = Assets.xcassets; sourceTree = "<group>"; };
		E1AE8AC81E0E179C006938CB /* Base */ = {isa = PBXFileReference; lastKnownFileType = file.storyboard; name = Base; path = Base.lproj/LaunchScreen.storyboard; sourceTree = "<group>"; };
		E1AE8ACA1E0E179C006938CB /* Info.plist */ = {isa = PBXFileReference; lastKnownFileType = text.plist.xml; path = Info.plist; sourceTree = "<group>"; };
		E1BDB85D1EA073F900BDD56F /* ExerciseModel.swift */ = {isa = PBXFileReference; fileEncoding = 4; lastKnownFileType = sourcecode.swift; path = ExerciseModel.swift; sourceTree = "<group>"; };
		E1C436121E1B13F000DBAA23 /* OptionsLauncher.swift */ = {isa = PBXFileReference; fileEncoding = 4; lastKnownFileType = sourcecode.swift; path = OptionsLauncher.swift; sourceTree = "<group>"; };
		E1C436151E1B1F9100DBAA23 /* OptionsCell.swift */ = {isa = PBXFileReference; fileEncoding = 4; lastKnownFileType = sourcecode.swift; path = OptionsCell.swift; sourceTree = "<group>"; };
		E1C436171E1B205500DBAA23 /* BaseCell.swift */ = {isa = PBXFileReference; fileEncoding = 4; lastKnownFileType = sourcecode.swift; path = BaseCell.swift; sourceTree = "<group>"; };
		E1C436191E1B227300DBAA23 /* Helpers.swift */ = {isa = PBXFileReference; fileEncoding = 4; lastKnownFileType = sourcecode.swift; path = Helpers.swift; sourceTree = "<group>"; };
		E1C4361E1E1B97CF00DBAA23 /* ExerciseController.swift */ = {isa = PBXFileReference; fileEncoding = 4; lastKnownFileType = sourcecode.swift; path = ExerciseController.swift; sourceTree = "<group>"; };
		E1C436201E1D967400DBAA23 /* Recovery Helper.entitlements */ = {isa = PBXFileReference; lastKnownFileType = text.plist.entitlements; path = "Recovery Helper.entitlements"; sourceTree = "<group>"; };
		E1C436211E1F0DF800DBAA23 /* PhysicianController.swift */ = {isa = PBXFileReference; fileEncoding = 4; lastKnownFileType = sourcecode.swift; path = PhysicianController.swift; sourceTree = "<group>"; };
/* End PBXFileReference section */

/* Begin PBXFrameworksBuildPhase section */
		E1AE8AB81E0E179B006938CB /* Frameworks */ = {
			isa = PBXFrameworksBuildPhase;
			buildActionMask = 2147483647;
			files = (
				D634C92AEC3D618AB61BD758 /* Pods_Recovery_Helper.framework in Frameworks */,
			);
			runOnlyForDeploymentPostprocessing = 0;
		};
/* End PBXFrameworksBuildPhase section */

/* Begin PBXGroup section */
		852D3451CA50D7FC02685C03 /* Pods */ = {
			isa = PBXGroup;
			children = (
				3D295C21902B7D49BBD67084 /* Pods-Recovery Helper.debug.xcconfig */,
				6F25652CB59A75354DA90CFC /* Pods-Recovery Helper.release.xcconfig */,
			);
			name = Pods;
			sourceTree = "<group>";
		};
		9B1C19FF89A9CF7F8A304AD7 /* Frameworks */ = {
			isa = PBXGroup;
			children = (
				C1D4222C2F472BD9FA512FD9 /* Pods_Recovery_Helper.framework */,
			);
			name = Frameworks;
			sourceTree = "<group>";
		};
		E129B6521E0E6BFE0012B553 /* myAssets */ = {
			isa = PBXGroup;
			children = (
				E138F1CC1EB67C7500E2DB4F /* calendar.storyboard */,
				E110D9E51EB6A6A0008D402B /* settings@2x.png */,
				E138F1CE1EB67E8800E2DB4F /* CustomCell.swift */,
				E1AE8AC51E0E179C006938CB /* Assets.xcassets */,
				E1AE8AC71E0E179C006938CB /* LaunchScreen.storyboard */,
				E1AE8ABE1E0E179C006938CB /* AppDelegate.swift */,
				E1AE8ACA1E0E179C006938CB /* Info.plist */,
				E129B6501E0E26730012B553 /* GoogleService-Info.plist */,
			);
			name = myAssets;
			sourceTree = "<group>";
		};
		E129B6551E176B400012B553 /* Controllers */ = {
			isa = PBXGroup;
			children = (
				E1AE8AC01E0E179C006938CB /* LoginController.swift */,
				E129B6571E176B750012B553 /* PatientController.swift */,
				E1C436211E1F0DF800DBAA23 /* PhysicianController.swift */,
				E16769901E2DF4D40026E835 /* Patients.swift */,
				E167698E1E2DED090026E835 /* SetExercise.swift */,
				E1C436121E1B13F000DBAA23 /* OptionsLauncher.swift */,
				E1C4361E1E1B97CF00DBAA23 /* ExerciseController.swift */,
				E110D9E31EB68916008D402B /* CalendarViewController.swift */,
				E15C1D631EB6B97300D947CE /* DateViewController.swift */,
			);
			name = Controllers;
			sourceTree = "<group>";
		};
		E129B6561E176B4A0012B553 /* Models */ = {
			isa = PBXGroup;
			children = (
				E129B6531E149A420012B553 /* PatientModel.swift */,
				E1BDB85D1EA073F900BDD56F /* ExerciseModel.swift */,
			);
			name = Models;
			sourceTree = "<group>";
		};
		E1AE8AB21E0E179B006938CB = {
			isa = PBXGroup;
			children = (
				E1AE8ABD1E0E179C006938CB /* Recovery Helper */,
				E1AE8ABC1E0E179C006938CB /* Products */,
				852D3451CA50D7FC02685C03 /* Pods */,
				9B1C19FF89A9CF7F8A304AD7 /* Frameworks */,
			);
			sourceTree = "<group>";
		};
		E1AE8ABC1E0E179C006938CB /* Products */ = {
			isa = PBXGroup;
			children = (
				E1AE8ABB1E0E179C006938CB /* Recovery Helper.app */,
			);
			name = Products;
			sourceTree = "<group>";
		};
		E1AE8ABD1E0E179C006938CB /* Recovery Helper */ = {
			isa = PBXGroup;
			children = (
				E1C436201E1D967400DBAA23 /* Recovery Helper.entitlements */,
				E1C436141E1B1F7900DBAA23 /* View */,
				E129B6551E176B400012B553 /* Controllers */,
				E129B6561E176B4A0012B553 /* Models */,
				E129B6521E0E6BFE0012B553 /* myAssets */,
				E1C4361B1E1B3E8000DBAA23 /* Utility / Auxilary Methods */,
			);
			path = "Recovery Helper";
			sourceTree = "<group>";
		};
		E1C436141E1B1F7900DBAA23 /* View */ = {
			isa = PBXGroup;
			children = (
				E1C436151E1B1F9100DBAA23 /* OptionsCell.swift */,
				E1C436171E1B205500DBAA23 /* BaseCell.swift */,
			);
			name = View;
			sourceTree = "<group>";
		};
		E1C4361B1E1B3E8000DBAA23 /* Utility / Auxilary Methods */ = {
			isa = PBXGroup;
			children = (
				E1C436191E1B227300DBAA23 /* Helpers.swift */,
			);
			name = "Utility / Auxilary Methods";
			sourceTree = "<group>";
		};
/* End PBXGroup section */

/* Begin PBXNativeTarget section */
		E1AE8ABA1E0E179B006938CB /* Recovery Helper */ = {
			isa = PBXNativeTarget;
			buildConfigurationList = E1AE8ACD1E0E179C006938CB /* Build configuration list for PBXNativeTarget "Recovery Helper" */;
			buildPhases = (
				5F85C6FDF6861D3E4CC2ADBA /* [CP] Check Pods Manifest.lock */,
				E1AE8AB71E0E179B006938CB /* Sources */,
				E1AE8AB81E0E179B006938CB /* Frameworks */,
				E1AE8AB91E0E179B006938CB /* Resources */,
				98965E6EFADBCA50118BE2E2 /* [CP] Embed Pods Frameworks */,
				3B5D94C6E345B2F39793ADCF /* [CP] Copy Pods Resources */,
			);
			buildRules = (
			);
			dependencies = (
			);
			name = "Recovery Helper";
			productName = "Recovery Helper";
			productReference = E1AE8ABB1E0E179C006938CB /* Recovery Helper.app */;
			productType = "com.apple.product-type.application";
		};
/* End PBXNativeTarget section */

/* Begin PBXProject section */
		E1AE8AB31E0E179B006938CB /* Project object */ = {
			isa = PBXProject;
			attributes = {
				LastSwiftUpdateCheck = 0820;
				LastUpgradeCheck = 0820;
				ORGANIZATIONNAME = "Mario Hernandez";
				TargetAttributes = {
					E1AE8ABA1E0E179B006938CB = {
						CreatedOnToolsVersion = 8.2;
						DevelopmentTeam = 5BUAABBKP5;
						ProvisioningStyle = Automatic;
						SystemCapabilities = {
							com.apple.Keychain = {
								enabled = 1;
							};
						};
					};
				};
			};
			buildConfigurationList = E1AE8AB61E0E179B006938CB /* Build configuration list for PBXProject "Recovery Helper" */;
			compatibilityVersion = "Xcode 3.2";
			developmentRegion = English;
			hasScannedForEncodings = 0;
			knownRegions = (
				en,
				Base,
			);
			mainGroup = E1AE8AB21E0E179B006938CB;
			productRefGroup = E1AE8ABC1E0E179C006938CB /* Products */;
			projectDirPath = "";
			projectRoot = "";
			targets = (
				E1AE8ABA1E0E179B006938CB /* Recovery Helper */,
			);
		};
/* End PBXProject section */

/* Begin PBXResourcesBuildPhase section */
		E1AE8AB91E0E179B006938CB /* Resources */ = {
			isa = PBXResourcesBuildPhase;
			buildActionMask = 2147483647;
			files = (
				E110D9E61EB6A6A0008D402B /* settings@2x.png in Resources */,
				E138F1CD1EB67C7500E2DB4F /* calendar.storyboard in Resources */,
				E1AE8AC91E0E179C006938CB /* LaunchScreen.storyboard in Resources */,
				E129B6511E0E26740012B553 /* GoogleService-Info.plist in Resources */,
				E1AE8AC61E0E179C006938CB /* Assets.xcassets in Resources */,
			);
			runOnlyForDeploymentPostprocessing = 0;
		};
/* End PBXResourcesBuildPhase section */

/* Begin PBXShellScriptBuildPhase section */
		3B5D94C6E345B2F39793ADCF /* [CP] Copy Pods Resources */ = {
			isa = PBXShellScriptBuildPhase;
			buildActionMask = 2147483647;
			files = (
			);
			inputPaths = (
			);
			name = "[CP] Copy Pods Resources";
			outputPaths = (
			);
			runOnlyForDeploymentPostprocessing = 0;
			shellPath = /bin/sh;
			shellScript = "\"${SRCROOT}/Pods/Target Support Files/Pods-Recovery Helper/Pods-Recovery Helper-resources.sh\"\n";
			showEnvVarsInLog = 0;
		};
		5F85C6FDF6861D3E4CC2ADBA /* [CP] Check Pods Manifest.lock */ = {
			isa = PBXShellScriptBuildPhase;
			buildActionMask = 2147483647;
			files = (
			);
			inputPaths = (
			);
			name = "[CP] Check Pods Manifest.lock";
			outputPaths = (
			);
			runOnlyForDeploymentPostprocessing = 0;
			shellPath = /bin/sh;
			shellScript = "diff \"${PODS_ROOT}/../Podfile.lock\" \"${PODS_ROOT}/Manifest.lock\" > /dev/null\nif [ $? != 0 ] ; then\n    # print error to STDERR\n    echo \"error: The sandbox is not in sync with the Podfile.lock. Run 'pod install' or update your CocoaPods installation.\" >&2\n    exit 1\nfi\n";
			showEnvVarsInLog = 0;
		};
		98965E6EFADBCA50118BE2E2 /* [CP] Embed Pods Frameworks */ = {
			isa = PBXShellScriptBuildPhase;
			buildActionMask = 2147483647;
			files = (
			);
			inputPaths = (
			);
			name = "[CP] Embed Pods Frameworks";
			outputPaths = (
			);
			runOnlyForDeploymentPostprocessing = 0;
			shellPath = /bin/sh;
			shellScript = "\"${SRCROOT}/Pods/Target Support Files/Pods-Recovery Helper/Pods-Recovery Helper-frameworks.sh\"\n";
			showEnvVarsInLog = 0;
		};
/* End PBXShellScriptBuildPhase section */

/* Begin PBXSourcesBuildPhase section */
		E1AE8AB71E0E179B006938CB /* Sources */ = {
			isa = PBXSourcesBuildPhase;
			buildActionMask = 2147483647;
			files = (
				E15C1D641EB6B97300D947CE /* DateViewController.swift in Sources */,
				E110D9E41EB68916008D402B /* CalendarViewController.swift in Sources */,
				E1AE8AC11E0E179C006938CB /* LoginController.swift in Sources */,
				E1C436131E1B13F000DBAA23 /* OptionsLauncher.swift in Sources */,
				E1C436161E1B1F9100DBAA23 /* OptionsCell.swift in Sources */,
				E167698F1E2DED090026E835 /* SetExercise.swift in Sources */,
				E1C4361A1E1B227300DBAA23 /* Helpers.swift in Sources */,
				E1BDB85E1EA073F900BDD56F /* ExerciseModel.swift in Sources */,
				E1C4361F1E1B97CF00DBAA23 /* ExerciseController.swift in Sources */,
				E129B6541E149A420012B553 /* PatientModel.swift in Sources */,
				E1C436221E1F0DF800DBAA23 /* PhysicianController.swift in Sources */,
				E1C436181E1B205500DBAA23 /* BaseCell.swift in Sources */,
				E16769911E2DF4D40026E835 /* Patients.swift in Sources */,
				E1AE8ABF1E0E179C006938CB /* AppDelegate.swift in Sources */,
				E138F1CF1EB67E8800E2DB4F /* CustomCell.swift in Sources */,
				E129B6581E176B750012B553 /* PatientController.swift in Sources */,
			);
			runOnlyForDeploymentPostprocessing = 0;
		};
/* End PBXSourcesBuildPhase section */

/* Begin PBXVariantGroup section */
		E1AE8AC71E0E179C006938CB /* LaunchScreen.storyboard */ = {
			isa = PBXVariantGroup;
			children = (
				E1AE8AC81E0E179C006938CB /* Base */,
			);
			name = LaunchScreen.storyboard;
			sourceTree = "<group>";
		};
/* End PBXVariantGroup section */

/* Begin XCBuildConfiguration section */
		E1AE8ACB1E0E179C006938CB /* Debug */ = {
			isa = XCBuildConfiguration;
			buildSettings = {
				ALWAYS_SEARCH_USER_PATHS = NO;
				CLANG_ANALYZER_NONNULL = YES;
				CLANG_CXX_LANGUAGE_STANDARD = "gnu++0x";
				CLANG_CXX_LIBRARY = "libc++";
				CLANG_ENABLE_MODULES = YES;
				CLANG_ENABLE_OBJC_ARC = YES;
				CLANG_WARN_BOOL_CONVERSION = YES;
				CLANG_WARN_CONSTANT_CONVERSION = YES;
				CLANG_WARN_DIRECT_OBJC_ISA_USAGE = YES_ERROR;
				CLANG_WARN_DOCUMENTATION_COMMENTS = YES;
				CLANG_WARN_EMPTY_BODY = YES;
				CLANG_WARN_ENUM_CONVERSION = YES;
				CLANG_WARN_INFINITE_RECURSION = YES;
				CLANG_WARN_INT_CONVERSION = YES;
				CLANG_WARN_OBJC_ROOT_CLASS = YES_ERROR;
				CLANG_WARN_SUSPICIOUS_MOVE = YES;
				CLANG_WARN_UNREACHABLE_CODE = YES;
				CLANG_WARN__DUPLICATE_METHOD_MATCH = YES;
				"CODE_SIGN_IDENTITY[sdk=iphoneos*]" = "iPhone Developer";
				COPY_PHASE_STRIP = NO;
				DEBUG_INFORMATION_FORMAT = dwarf;
				ENABLE_STRICT_OBJC_MSGSEND = YES;
				ENABLE_TESTABILITY = YES;
				GCC_C_LANGUAGE_STANDARD = gnu99;
				GCC_DYNAMIC_NO_PIC = NO;
				GCC_NO_COMMON_BLOCKS = YES;
				GCC_OPTIMIZATION_LEVEL = 0;
				GCC_PREPROCESSOR_DEFINITIONS = (
					"DEBUG=1",
					"$(inherited)",
				);
				GCC_WARN_64_TO_32_BIT_CONVERSION = YES;
				GCC_WARN_ABOUT_RETURN_TYPE = YES_ERROR;
				GCC_WARN_UNDECLARED_SELECTOR = YES;
				GCC_WARN_UNINITIALIZED_AUTOS = YES_AGGRESSIVE;
				GCC_WARN_UNUSED_FUNCTION = YES;
				GCC_WARN_UNUSED_VARIABLE = YES;
				IPHONEOS_DEPLOYMENT_TARGET = 10.2;
				MTL_ENABLE_DEBUG_INFO = YES;
				ONLY_ACTIVE_ARCH = YES;
				SDKROOT = iphoneos;
				SWIFT_ACTIVE_COMPILATION_CONDITIONS = DEBUG;
				SWIFT_OPTIMIZATION_LEVEL = "-Onone";
				TARGETED_DEVICE_FAMILY = "1,2";
			};
			name = Debug;
		};
		E1AE8ACC1E0E179C006938CB /* Release */ = {
			isa = XCBuildConfiguration;
			buildSettings = {
				ALWAYS_SEARCH_USER_PATHS = NO;
				CLANG_ANALYZER_NONNULL = YES;
				CLANG_CXX_LANGUAGE_STANDARD = "gnu++0x";
				CLANG_CXX_LIBRARY = "libc++";
				CLANG_ENABLE_MODULES = YES;
				CLANG_ENABLE_OBJC_ARC = YES;
				CLANG_WARN_BOOL_CONVERSION = YES;
				CLANG_WARN_CONSTANT_CONVERSION = YES;
				CLANG_WARN_DIRECT_OBJC_ISA_USAGE = YES_ERROR;
				CLANG_WARN_DOCUMENTATION_COMMENTS = YES;
				CLANG_WARN_EMPTY_BODY = YES;
				CLANG_WARN_ENUM_CONVERSION = YES;
				CLANG_WARN_INFINITE_RECURSION = YES;
				CLANG_WARN_INT_CONVERSION = YES;
				CLANG_WARN_OBJC_ROOT_CLASS = YES_ERROR;
				CLANG_WARN_SUSPICIOUS_MOVE = YES;
				CLANG_WARN_UNREACHABLE_CODE = YES;
				CLANG_WARN__DUPLICATE_METHOD_MATCH = YES;
				"CODE_SIGN_IDENTITY[sdk=iphoneos*]" = "iPhone Developer";
				COPY_PHASE_STRIP = NO;
				DEBUG_INFORMATION_FORMAT = "dwarf-with-dsym";
				ENABLE_NS_ASSERTIONS = NO;
				ENABLE_STRICT_OBJC_MSGSEND = YES;
				GCC_C_LANGUAGE_STANDARD = gnu99;
				GCC_NO_COMMON_BLOCKS = YES;
				GCC_WARN_64_TO_32_BIT_CONVERSION = YES;
				GCC_WARN_ABOUT_RETURN_TYPE = YES_ERROR;
				GCC_WARN_UNDECLARED_SELECTOR = YES;
				GCC_WARN_UNINITIALIZED_AUTOS = YES_AGGRESSIVE;
				GCC_WARN_UNUSED_FUNCTION = YES;
				GCC_WARN_UNUSED_VARIABLE = YES;
				IPHONEOS_DEPLOYMENT_TARGET = 10.2;
				MTL_ENABLE_DEBUG_INFO = NO;
				SDKROOT = iphoneos;
				SWIFT_OPTIMIZATION_LEVEL = "-Owholemodule";
				TARGETED_DEVICE_FAMILY = "1,2";
				VALIDATE_PRODUCT = YES;
			};
			name = Release;
		};
		E1AE8ACE1E0E179C006938CB /* Debug */ = {
			isa = XCBuildConfiguration;
			baseConfigurationReference = 3D295C21902B7D49BBD67084 /* Pods-Recovery Helper.debug.xcconfig */;
			buildSettings = {
				ALWAYS_EMBED_SWIFT_STANDARD_LIBRARIES = YES;
				ASSETCATALOG_COMPILER_APPICON_NAME = AppIcon;
				CODE_SIGN_ENTITLEMENTS = "Recovery Helper/Recovery Helper.entitlements";
				CODE_SIGN_IDENTITY = "iPhone Developer";
				"CODE_SIGN_IDENTITY[sdk=iphoneos*]" = "iPhone Developer";
				DEVELOPMENT_TEAM = 5BUAABBKP5;
				INFOPLIST_FILE = "Recovery Helper/Info.plist";
				IPHONEOS_DEPLOYMENT_TARGET = 10.2;
				LD_RUNPATH_SEARCH_PATHS = "$(inherited) @executable_path/Frameworks";
				PRODUCT_BUNDLE_IDENTIFIER = "Michael.Recovery-Helper";
				PRODUCT_NAME = "$(TARGET_NAME)";
				SWIFT_VERSION = 3.0;
			};
			name = Debug;
		};
		E1AE8ACF1E0E179C006938CB /* Release */ = {
			isa = XCBuildConfiguration;
			baseConfigurationReference = 6F25652CB59A75354DA90CFC /* Pods-Recovery Helper.release.xcconfig */;
			buildSettings = {
				ALWAYS_EMBED_SWIFT_STANDARD_LIBRARIES = YES;
				ASSETCATALOG_COMPILER_APPICON_NAME = AppIcon;
				CODE_SIGN_ENTITLEMENTS = "Recovery Helper/Recovery Helper.entitlements";
				CODE_SIGN_IDENTITY = "iPhone Developer";
				"CODE_SIGN_IDENTITY[sdk=iphoneos*]" = "iPhone Developer";
				DEVELOPMENT_TEAM = 5BUAABBKP5;
				INFOPLIST_FILE = "Recovery Helper/Info.plist";
				IPHONEOS_DEPLOYMENT_TARGET = 10.2;
				LD_RUNPATH_SEARCH_PATHS = "$(inherited) @executable_path/Frameworks";
				PRODUCT_BUNDLE_IDENTIFIER = "Michael.Recovery-Helper";
				PRODUCT_NAME = "$(TARGET_NAME)";
				SWIFT_VERSION = 3.0;
			};
			name = Release;
		};
/* End XCBuildConfiguration section */

/* Begin XCConfigurationList section */
		E1AE8AB61E0E179B006938CB /* Build configuration list for PBXProject "Recovery Helper" */ = {
			isa = XCConfigurationList;
			buildConfigurations = (
				E1AE8ACB1E0E179C006938CB /* Debug */,
				E1AE8ACC1E0E179C006938CB /* Release */,
			);
			defaultConfigurationIsVisible = 0;
			defaultConfigurationName = Release;
		};
		E1AE8ACD1E0E179C006938CB /* Build configuration list for PBXNativeTarget "Recovery Helper" */ = {
			isa = XCConfigurationList;
			buildConfigurations = (
				E1AE8ACE1E0E179C006938CB /* Debug */,
				E1AE8ACF1E0E179C006938CB /* Release */,
			);
			defaultConfigurationIsVisible = 0;
			defaultConfigurationName = Release;
		};
/* End XCConfigurationList section */
	};
	rootObject = E1AE8AB31E0E179B006938CB /* Project object */;
}
